{
  "name": "stasher",
  "version": "1.4.0",
  "lockfileVersion": 2,
  "requires": true,
  "packages": {
    "": {
      "name": "stasher",
      "version": "1.4.0",
      "license": "Apache-2.0",
      "dependencies": {
        "fallow": "^2.13.0"
      }
    },
    "node_modules/@fallow-cli/darwin-arm64": {
      "version": "2.13.0",
      "resolved": "https://registry.npmjs.org/@fallow-cli/darwin-arm64/-/darwin-arm64-2.13.0.tgz",
      "integrity": "sha512-VhwSvNsEnCs6k2K4S7uhgmaxvwxN/svmIdtwp+rNHI8nZB5cOPqAOgCTHHKwoPXUOv+5vlXyyjXZRlWXuuTQAQ==",
      "cpu": [
        "arm64"
      ],
      "license": "MIT",
      "optional": true,
      "os": [
        "darwin"
      ]
    },
    "node_modules/@fallow-cli/darwin-x64": {
      "version": "2.13.0",
      "resolved": "https://registry.npmjs.org/@fallow-cli/darwin-x64/-/darwin-x64-2.13.0.tgz",
      "integrity": "sha512-KHoim6lm03ltbk5fXMebQEuIfbssDhEmjNk9P1ryDxir2IOMkYK8JjxXbM33JI8hqLjW4cr8z8j3knnWsDgr9w==",
      "cpu": [
        "x64"
      ],
      "license": "MIT",
      "optional": true,
      "os": [
        "darwin"
      ]
    },
    "node_modules/@fallow-cli/linux-arm64-gnu": {
      "version": "2.13.0",
      "resolved": "https://registry.npmjs.org/@fallow-cli/linux-arm64-gnu/-/linux-arm64-gnu-2.13.0.tgz",
      "integrity": "sha512-7sZb+6FaUkjPuge7nsXtc7yowSouqDK9YKs2JVipkJFTVna30P2dp2MeQm5nWTdumw8FsTtkjrXsDHHmLCQnZw==",
      "cpu": [
        "arm64"
      ],
      "license": "MIT",
      "optional": true,
      "os": [
        "linux"
      ]
    },
    "node_modules/@fallow-cli/linux-arm64-musl": {
      "version": "2.13.0",
      "resolved": "https://registry.npmjs.org/@fallow-cli/linux-arm64-musl/-/linux-arm64-musl-2.13.0.tgz",
      "integrity": "sha512-VoEAsWFpZLbCaTtCMUFJpUhOXqsRc8WWjz3RoET5Z2TP+Y4WzYrtBK5dn1585ERUpyhCaa+g3hOZudlzTpPRpg==",
      "cpu": [
        "arm64"
      ],
      "license": "MIT",
      "optional": true,
      "os": [
        "linux"
      ]
    },
    "node_modules/@fallow-cli/linux-x64-gnu": {
      "version": "2.13.0",
      "resolved": "https://registry.npmjs.org/@fallow-cli/linux-x64-gnu/-/linux-x64-gnu-2.13.0.tgz",
      "integrity": "sha512-m8ws/wNFjxzRXDqZT5paSaGasTXAzPmyYXpXvAnPkfzW55evPsySBXwOcme0BBIilVyvabVh7AHCBFo91kRNXw==",
      "cpu": [
        "x64"
      ],
      "license": "MIT",
      "optional": true,
      "os": [
        "linux"
      ]
    },
    "node_modules/@fallow-cli/linux-x64-musl": {
      "version": "2.13.0",
      "resolved": "https://registry.npmjs.org/@fallow-cli/linux-x64-musl/-/linux-x64-musl-2.13.0.tgz",
      "integrity": "sha512-WUErBP9D4h5l4hgzkMP7hZi/iPoCX/qobNz1eHufaZeRRuwfXZRy4CYrmpV/IztRegjz2w7hNYzi7eBQ36Qy+A==",
      "cpu": [
        "x64"
      ],
      "license": "MIT",
      "optional": true,
      "os": [
        "linux"
      ]
    },
    "node_modules/@fallow-cli/win32-x64-msvc": {
      "version": "2.13.0",
      "resolved": "https://registry.npmjs.org/@fallow-cli/win32-x64-msvc/-/win32-x64-msvc-2.13.0.tgz",
      "integrity": "sha512-70BKVuqqPQfFTm/29OCG5tbahfDRDjvFEiVpd1dPnggNFXzZpQ9Cy48KMb0Dio5tHQeJE7ID2eyimjopQQASqQ==",
      "cpu": [
        "x64"
      ],
      "license": "MIT",
      "optional": true,
      "os": [
        "win32"
      ]
    },
    "node_modules/detect-libc": {
      "version": "2.1.2",
      "resolved": "https://registry.npmjs.org/detect-libc/-/detect-libc-2.1.2.tgz",
      "integrity": "sha512-Btj2BOOO83o3WyH59e8MgXsxEQVcarkUOpEYrubB0urwnN10yQ364rsiByU11nZlqWYZm05i/of7io4mzihBtQ==",
      "license": "Apache-2.0",
      "engines": {
        "node": ">=8"
      }
    },
    "node_modules/fallow": {
      "version": "2.13.0",
      "resolved": "https://registry.npmjs.org/fallow/-/fallow-2.13.0.tgz",
      "integrity": "sha512-SGKzXMfgJa4OxctIE7fSCgKI/6IRR0UUhYy59G02ZAh8xjAuJbTws2BSJU92xLLUSPJAkHvap9sNGoCwMFAI9A==",
      "hasInstallScript": true,
      "license": "MIT",
      "dependencies": {
        "detect-libc": "^2.0.0"
      },
      "bin": {
        "fallow": "bin/fallow",
        "fallow-mcp": "bin/fallow-mcp"
      },
      "engines": {
        "node": ">=16"
      },
      "optionalDependencies": {
        "@fallow-cli/darwin-arm64": "2.13.0",
        "@fallow-cli/darwin-x64": "2.13.0",
        "@fallow-cli/linux-arm64-gnu": "2.13.0",
        "@fallow-cli/linux-arm64-musl": "2.13.0",
        "@fallow-cli/linux-x64-gnu": "2.13.0",
        "@fallow-cli/linux-x64-musl": "2.13.0",
        "@fallow-cli/win32-x64-msvc": "2.13.0"
      }
    }
  },
  "dependencies": {
    "@fallow-cli/darwin-arm64": {
      "version": "2.13.0",
      "resolved": "https://registry.npmjs.org/@fallow-cli/darwin-arm64/-/darwin-arm64-2.13.0.tgz",
      "integrity": "sha512-VhwSvNsEnCs6k2K4S7uhgmaxvwxN/svmIdtwp+rNHI8nZB5cOPqAOgCTHHKwoPXUOv+5vlXyyjXZRlWXuuTQAQ==",
      "optional": true
    },
    "@fallow-cli/darwin-x64": {
      "version": "2.13.0",
      "resolved": "https://registry.npmjs.org/@fallow-cli/darwin-x64/-/darwin-x64-2.13.0.tgz",
      "integrity": "sha512-KHoim6lm03ltbk5fXMebQEuIfbssDhEmjNk9P1ryDxir2IOMkYK8JjxXbM33JI8hqLjW4cr8z8j3knnWsDgr9w==",
      "optional": true
    },
    "@fallow-cli/linux-arm64-gnu": {
      "version": "2.13.0",
      "resolved": "https://registry.npmjs.org/@fallow-cli/linux-arm64-gnu/-/linux-arm64-gnu-2.13.0.tgz",
      "integrity": "sha512-7sZb+6FaUkjPuge7nsXtc7yowSouqDK9YKs2JVipkJFTVna30P2dp2MeQm5nWTdumw8FsTtkjrXsDHHmLCQnZw==",
      "optional": true
    },
    "@fallow-cli/linux-arm64-musl": {
      "version": "2.13.0",
      "resolved": "https://registry.npmjs.org/@fallow-cli/linux-arm64-musl/-/linux-arm64-musl-2.13.0.tgz",
      "integrity": "sha512-VoEAsWFpZLbCaTtCMUFJpUhOXqsRc8WWjz3RoET5Z2TP+Y4WzYrtBK5dn1585ERUpyhCaa+g3hOZudlzTpPRpg==",
      "optional": true
    },
    "@fallow-cli/linux-x64-gnu": {
      "version": "2.13.0",
      "resolved": "https://registry.npmjs.org/@fallow-cli/linux-x64-gnu/-/linux-x64-gnu-2.13.0.tgz",
      "integrity": "sha512-m8ws/wNFjxzRXDqZT5paSaGasTXAzPmyYXpXvAnPkfzW55evPsySBXwOcme0BBIilVyvabVh7AHCBFo91kRNXw==",
      "optional": true
    },
    "@fallow-cli/linux-x64-musl": {
      "version": "2.13.0",
      "resolved": "https://registry.npmjs.org/@fallow-cli/linux-x64-musl/-/linux-x64-musl-2.13.0.tgz",
      "integrity": "sha512-WUErBP9D4h5l4hgzkMP7hZi/iPoCX/qobNz1eHufaZeRRuwfXZRy4CYrmpV/IztRegjz2w7hNYzi7eBQ36Qy+A==",
      "optional": true
    },
    "@fallow-cli/win32-x64-msvc": {
      "version": "2.13.0",
      "resolved": "https://registry.npmjs.org/@fallow-cli/win32-x64-msvc/-/win32-x64-msvc-2.13.0.tgz",
      "integrity": "sha512-70BKVuqqPQfFTm/29OCG5tbahfDRDjvFEiVpd1dPnggNFXzZpQ9Cy48KMb0Dio5tHQeJE7ID2eyimjopQQASqQ==",
      "optional": true
    },
    "detect-libc": {
      "version": "2.1.2",
      "resolved": "https://registry.npmjs.org/detect-libc/-/detect-libc-2.1.2.tgz",
      "integrity": "sha512-Btj2BOOO83o3WyH59e8MgXsxEQVcarkUOpEYrubB0urwnN10yQ364rsiByU11nZlqWYZm05i/of7io4mzihBtQ=="
    },
    "fallow": {
      "version": "2.13.0",
      "resolved": "https://registry.npmjs.org/fallow/-/fallow-2.13.0.tgz",
      "integrity": "sha512-SGKzXMfgJa4OxctIE7fSCgKI/6IRR0UUhYy59G02ZAh8xjAuJbTws2BSJU92xLLUSPJAkHvap9sNGoCwMFAI9A==",
      "requires": {
        "@fallow-cli/darwin-arm64": "2.13.0",
        "@fallow-cli/darwin-x64": "2.13.0",
        "@fallow-cli/linux-arm64-gnu": "2.13.0",
        "@fallow-cli/linux-arm64-musl": "2.13.0",
        "@fallow-cli/linux-x64-gnu": "2.13.0",
        "@fallow-cli/linux-x64-musl": "2.13.0",
        "@fallow-cli/win32-x64-msvc": "2.13.0",
        "detect-libc": "^2.0.0"
      }
    }
  }
}
